Microsoft Visual Studio Solution File, Format Version 12.00
# Visual Studio Version 16
VisualStudioVersion = 16.0.29728.190
MinimumVisualStudioVersion = 10.0.40219.1
Project("{9A19103F-16F7-4668-BE54-9A1E7A4F7556}") = "TrainingRooms", "TrainingRooms\TrainingRooms.csproj", "{976E036D-4F44-426E-AD6B-48DCB614893A}"
EndProject
Project("{FAE04EC0-301F-11D3-BF4B-00C04F79EFBC}") = "trainingrooms.droid", "trainingrooms.droid\trainingrooms.droid.csproj", "{6D09B464-0839-4A73-8E5E-815301D5D79D}"
EndProject
Project("{FAE04EC0-301F-11D3-BF4B-00C04F79EFBC}") = "trainingrooms.ios", "trainingrooms.ios\trainingrooms.ios.csproj", "{0962FFCA-A979-4631-B573-4619AAEB1E86}"
EndProject
Project("{FAE04EC0-301F-11D3-BF4B-00C04F79EFBC}") = "TrainingRooms.UWP", "TrainingRooms.UWP\TrainingRooms.UWP.csproj", "{534BD3D5-0448-47EF-83C7-6F1B8BE12B59}"
EndProject
Global
	GlobalSection(SolutionConfigurationPlatforms) = preSolution
		Debug|Any CPU = Debug|Any CPU
		Debug|ARM = Debug|ARM
		Debug|ARM64 = Debug|ARM64
		Debug|iPhone = Debug|iPhone
		Debug|iPhoneSimulator = Debug|iPhoneSimulator
		Debug|x64 = Debug|x64
		Debug|x86 = Debug|x86
		Release|Any CPU = Release|Any CPU
		Release|ARM = Release|ARM
		Release|ARM64 = Release|ARM64
		Release|iPhone = Release|iPhone
		Release|iPhoneSimulator = Release|iPhoneSimulator
		Release|x64 = Release|x64
		Release|x86 = Release|x86
	EndGlobalSection
	GlobalSection(ProjectConfigurationPlatforms) = postSolution
		{976E036D-4F44-426E-AD6B-48DCB614893A}.Debug|Any CPU.ActiveCfg = Debug|Any CPU
		{976E036D-4F44-426E-AD6B-48DCB614893A}.Debug|Any CPU.Build.0 = Debug|Any CPU
		{976E036D-4F44-426E-AD6B-48DCB614893A}.Debug|ARM.ActiveCfg = Debug|Any CPU
		{976E036D-4F44-426E-AD6B-48DCB614893A}.Debug|ARM.Build.0 = Debug|Any CPU
		{976E036D-4F44-426E-AD6B-48DCB614893A}.Debug|ARM64.ActiveCfg = Debug|Any CPU
		{976E036D-4F44-426E-AD6B-48DCB614893A}.Debug|ARM64.Build.0 = Debug|Any CPU
		{976E036D-4F44-426E-AD6B-48DCB614893A}.Debug|iPhone.ActiveCfg = Debug|Any CPU
		{976E036D-4F44-426E-AD6B-48DCB614893A}.Debug|iPhone.Build.0 = Debug|Any CPU
		{976E036D-4F44-426E-AD6B-48DCB614893A}.Debug|iPhoneSimulator.ActiveCfg = Debug|Any CPU
		{976E036D-4F44-426E-AD6B-48DCB614893A}.Debug|iPhoneSimulator.Build.0 = Debug|Any CPU
		{976E036D-4F44-426E-AD6B-48DCB614893A}.Debug|x64.ActiveCfg = Debug|Any CPU
		{976E036D-4F44-426E-AD6B-48DCB614893A}.Debug|x64.Build.0 = Debug|Any CPU
		{976E036D-4F44-426E-AD6B-48DCB614893A}.Debug|x86.ActiveCfg = Debug|Any CPU
		{976E036D-4F44-426E-AD6B-48DCB614893A}.Debug|x86.Build.0 = Debug|Any CPU
		{976E036D-4F44-426E-AD6B-48DCB614893A}.Release|Any CPU.ActiveCfg = Release|Any CPU
		{976E036D-4F44-426E-AD6B-48DCB614893A}.Release|Any CPU.Build.0 = Release|Any CPU
		{976E036D-4F44-426E-AD6B-48DCB614893A}.Release|ARM.ActiveCfg = Release|Any CPU
		{976E036D-4F44-426E-AD6B-48DCB614893A}.Release|ARM.Build.0 = Release|Any CPU
		{976E036D-4F44-426E-AD6B-48DCB614893A}.Release|ARM64.ActiveCfg = Release|Any CPU
		{976E036D-4F44-426E-AD6B-48DCB614893A}.Release|ARM64.Build.0 = Release|Any CPU
		{976E036D-4F44-426E-AD6B-48DCB614893A}.Release|iPhone.ActiveCfg = Release|Any CPU
		{976E036D-4F44-426E-AD6B-48DCB614893A}.Release|iPhone.Build.0 = Release|Any CPU
		{976E036D-4F44-426E-AD6B-48DCB614893A}.Release|iPhoneSimulator.ActiveCfg = Release|Any CPU
		{976E036D-4F44-426E-AD6B-48DCB614893A}.Release|iPhoneSimulator.Build.0 = Release|Any CPU
		{976E036D-4F44-426E-AD6B-48DCB614893A}.Release|x64.ActiveCfg = Release|Any CPU
		{976E036D-4F44-426E-AD6B-48DCB614893A}.Release|x64.Build.0 = Release|Any CPU
		{976E036D-4F44-426E-AD6B-48DCB614893A}.Release|x86.ActiveCfg = Release|Any CPU
		{976E036D-4F44-426E-AD6B-48DCB614893A}.Release|x86.Build.0 = Release|Any CPU
		{6D09B464-0839-4A73-8E5E-815301D5D79D}.Debug|Any CPU.ActiveCfg = Debug|Any CPU
		{6D09B464-0839-4A73-8E5E-815301D5D79D}.Debug|Any CPU.Build.0 = Debug|Any CPU
		{6D09B464-0839-4A73-8E5E-815301D5D79D}.Debug|Any CPU.Deploy.0 = Debug|Any CPU
		{6D09B464-0839-4A73-8E5E-815301D5D79D}.Debug|ARM.ActiveCfg = Debug|Any CPU
		{6D09B464-0839-4A73-8E5E-815301D5D79D}.Debug|ARM.Build.0 = Debug|Any CPU
		{6D09B464-0839-4A73-8E5E-815301D5D79D}.Debug|ARM.Deploy.0 = Debug|Any CPU
		{6D09B464-0839-4A73-8E5E-815301D5D79D}.Debug|ARM64.ActiveCfg = Debug|Any CPU
		{6D09B464-0839-4A73-8E5E-815301D5D79D}.Debug|ARM64.Build.0 = Debug|Any CPU
		{6D09B464-0839-4A73-8E5E-815301D5D79D}.Debug|ARM64.Deploy.0 = Debug|Any CPU
		{6D09B464-0839-4A73-8E5E-815301D5D79D}.Debug|iPhone.ActiveCfg = Debug|Any CPU
		{6D09B464-0839-4A73-8E5E-815301D5D79D}.Debug|iPhone.Build.0 = Debug|Any CPU
		{6D09B464-0839-4A73-8E5E-815301D5D79D}.Debug|iPhone.Deploy.0 = Debug|Any CPU
		{6D09B464-0839-4A73-8E5E-815301D5D79D}.Debug|iPhoneSimulator.ActiveCfg = Debug|Any CPU
		{6D09B464-0839-4A73-8E5E-815301D5D79D}.Debug|iPhoneSimulator.Build.0 = Debug|Any CPU
		{6D09B464-0839-4A73-8E5E-815301D5D79D}.Debug|iPhoneSimulator.Deploy.0 = Debug|Any CPU
		{6D09B464-0839-4A73-8E5E-815301D5D79D}.Debug|x64.ActiveCfg = Debug|Any CPU
		{6D09B464-0839-4A73-8E5E-815301D5D79D}.Debug|x64.Build.0 = Debug|Any CPU
		{6D09B464-0839-4A73-8E5E-815301D5D79D}.Debug|x64.Deploy.0 = Debug|Any CPU
		{6D09B464-0839-4A73-8E5E-815301D5D79D}.Debug|x86.ActiveCfg = Debug|Any CPU
		{6D09B464-0839-4A73-8E5E-815301D5D79D}.Debug|x86.Build.0 = Debug|Any CPU
		{6D09B464-0839-4A73-8E5E-815301D5D79D}.Debug|x86.Deploy.0 = Debug|Any CPU
		{6D09B464-0839-4A73-8E5E-815301D5D79D}.Release|Any CPU.ActiveCfg = Release|Any CPU
		{6D09B464-0839-4A73-8E5E-815301D5D79D}.Release|Any CPU.Build.0 = Release|Any CPU
		{6D09B464-0839-4A73-8E5E-815301D5D79D}.Release|ARM.ActiveCfg = Release|Any CPU
		{6D09B464-0839-4A73-8E5E-815301D5D79D}.Release|ARM.Build.0 = Release|Any CPU
		{6D09B464-0839-4A73-8E5E-815301D5D79D}.Release|ARM.Deploy.0 = Release|Any CPU
		{6D09B464-0839-4A73-8E5E-815301D5D79D}.Release|ARM64.ActiveCfg = Release|Any CPU
		{6D09B464-0839-4A73-8E5E-815301D5D79D}.Release|ARM64.Build.0 = Release|Any CPU
		{6D09B464-0839-4A73-8E5E-815301D5D79D}.Release|ARM64.Deploy.0 = Release|Any CPU
		{6D09B464-0839-4A73-8E5E-815301D5D79D}.Release|iPhone.ActiveCfg = Release|Any CPU
		{6D09B464-0839-4A73-8E5E-815301D5D79D}.Release|iPhone.Build.0 = Release|Any CPU
		{6D09B464-0839-4A73-8E5E-815301D5D79D}.Release|iPhone.Deploy.0 = Release|Any CPU
		{6D09B464-0839-4A73-8E5E-815301D5D79D}.Release|iPhoneSimulator.ActiveCfg = Release|Any CPU
		{6D09B464-0839-4A73-8E5E-815301D5D79D}.Release|iPhoneSimulator.Build.0 = Release|Any CPU
		{6D09B464-0839-4A73-8E5E-815301D5D79D}.Release|iPhoneSimulator.Deploy.0 = Release|Any CPU
		{6D09B464-0839-4A73-8E5E-815301D5D79D}.Release|x64.ActiveCfg = Release|Any CPU
		{6D09B464-0839-4A73-8E5E-815301D5D79D}.Release|x64.Build.0 = Release|Any CPU
		{6D09B464-0839-4A73-8E5E-815301D5D79D}.Release|x64.Deploy.0 = Release|Any CPU
		{6D09B464-0839-4A73-8E5E-815301D5D79D}.Release|x86.ActiveCfg = Release|Any CPU
		{6D09B464-0839-4A73-8E5E-815301D5D79D}.Release|x86.Build.0 = Release|Any CPU
		{6D09B464-0839-4A73-8E5E-815301D5D79D}.Release|x86.Deploy.0 = Release|Any CPU
		{0962FFCA-A979-4631-B573-4619AAEB1E86}.Debug|Any CPU.ActiveCfg = Debug|iPhone
		{0962FFCA-A979-4631-B573-4619AAEB1E86}.Debug|ARM.ActiveCfg = Debug|iPhone
		{0962FFCA-A979-4631-B573-4619AAEB1E86}.Debug|ARM64.ActiveCfg = Debug|iPhone
		{0962FFCA-A979-4631-B573-4619AAEB1E86}.Debug|iPhone.ActiveCfg = Debug|iPhone
		{0962FFCA-A979-4631-B573-4619AAEB1E86}.Debug|iPhone.Build.0 = Debug|iPhone
		{0962FFCA-A979-4631-B573-4619AAEB1E86}.Debug|iPhoneSimulator.ActiveCfg = Debug|iPhoneSimulator
		{0962FFCA-A979-4631-B573-4619AAEB1E86}.Debug|iPhoneSimulator.Build.0 = Debug|iPhoneSimulator
		{0962FFCA-A979-4631-B573-4619AAEB1E86}.Debug|x64.ActiveCfg = Debug|iPhone
		{0962FFCA-A979-4631-B573-4619AAEB1E86}.Debug|x86.ActiveCfg = Debug|iPhone
		{0962FFCA-A979-4631-B573-4619AAEB1E86}.Release|Any CPU.ActiveCfg = Release|iPhone
		{0962FFCA-A979-4631-B573-4619AAEB1E86}.Release|ARM.ActiveCfg = Release|iPhone
		{0962FFCA-A979-4631-B573-4619AAEB1E86}.Release|ARM64.ActiveCfg = Release|iPhone
		{0962FFCA-A979-4631-B573-4619AAEB1E86}.Release|iPhone.ActiveCfg = Release|iPhone
		{0962FFCA-A979-4631-B573-4619AAEB1E86}.Release|iPhone.Build.0 = Release|iPhone
		{0962FFCA-A979-4631-B573-4619AAEB1E86}.Release|iPhoneSimulator.ActiveCfg = Release|iPhoneSimulator
		{0962FFCA-A979-4631-B573-4619AAEB1E86}.Release|iPhoneSimulator.Build.0 = Release|iPhoneSimulator
		{0962FFCA-A979-4631-B573-4619AAEB1E86}.Release|x64.ActiveCfg = Release|iPhone
		{0962FFCA-A979-4631-B573-4619AAEB1E86}.Release|x86.ActiveCfg = Release|iPhone
		{534BD3D5-0448-47EF-83C7-6F1B8BE12B59}.Debug|Any CPU.ActiveCfg = Debug|x86
		{534BD3D5-0448-47EF-83C7-6F1B8BE12B59}.Debug|ARM.ActiveCfg = Debug|ARM
		{534BD3D5-0448-47EF-83C7-6F1B8BE12B59}.Debug|ARM.Build.0 = Debug|ARM
		{534BD3D5-0448-47EF-83C7-6F1B8BE12B59}.Debug|ARM.Deploy.0 = Debug|ARM
		{534BD3D5-0448-47EF-83C7-6F1B8BE12B59}.Debug|ARM64.ActiveCfg = Debug|ARM64
		{534BD3D5-0448-47EF-83C7-6F1B8BE12B59}.Debug|ARM64.Build.0 = Debug|ARM64
		{534BD3D5-0448-47EF-83C7-6F1B8BE12B59}.Debug|ARM64.Deploy.0 = Debug|ARM64
		{534BD3D5-0448-47EF-83C7-6F1B8BE12B59}.Debug|iPhone.ActiveCfg = Debug|x86
		{534BD3D5-0448-47EF-83C7-6F1B8BE12B59}.Debug|iPhoneSimulator.ActiveCfg = Debug|x86
		{534BD3D5-0448-47EF-83C7-6F1B8BE12B59}.Debug|x64.ActiveCfg = Debug|x64
		{534BD3D5-0448-47EF-83C7-6F1B8BE12B59}.Debug|x64.Build.0 = Debug|x64
		{534BD3D5-0448-47EF-83C7-6F1B8BE12B59}.Debug|x64.Deploy.0 = Debug|x64
		{534BD3D5-0448-47EF-83C7-6F1B8BE12B59}.Debug|x86.ActiveCfg = Debug|x86
		{534BD3D5-0448-47EF-83C7-6F1B8BE12B59}.Debug|x86.Build.0 = Debug|x86
		{534BD3D5-0448-47EF-83C7-6F1B8BE12B59}.Debug|x86.Deploy.0 = Debug|x86
		{534BD3D5-0448-47EF-83C7-6F1B8BE12B59}.Release|Any CPU.ActiveCfg = Release|x86
		{534BD3D5-0448-47EF-83C7-6F1B8BE12B59}.Release|ARM.ActiveCfg = Release|ARM
		{534BD3D5-0448-47EF-83C7-6F1B8BE12B59}.Release|ARM.Build.0 = Release|ARM
		{534BD3D5-0448-47EF-83C7-6F1B8BE12B59}.Release|ARM.Deploy.0 = Release|ARM
		{534BD3D5-0448-47EF-83C7-6F1B8BE12B59}.Release|ARM64.ActiveCfg = Release|ARM64
		{534BD3D5-0448-47EF-83C7-6F1B8BE12B59}.Release|ARM64.Build.0 = Release|ARM64
		{534BD3D5-0448-47EF-83C7-6F1B8BE12B59}.Release|ARM64.Deploy.0 = Release|ARM64
		{534BD3D5-0448-47EF-83C7-6F1B8BE12B59}.Release|iPhone.ActiveCfg = Release|x86
		{534BD3D5-0448-47EF-83C7-6F1B8BE12B59}.Release|iPhoneSimulator.ActiveCfg = Release|x86
		{534BD3D5-0448-47EF-83C7-6F1B8BE12B59}.Release|x64.ActiveCfg = Release|x64
		{534BD3D5-0448-47EF-83C7-6F1B8BE12B59}.Release|x64.Build.0 = Release|x64
		{534BD3D5-0448-47EF-83C7-6F1B8BE12B59}.Release|x64.Deploy.0 = Release|x64
		{534BD3D5-0448-47EF-83C7-6F1B8BE12B59}.Release|x86.ActiveCfg = Release|x86
		{534BD3D5-0448-47EF-83C7-6F1B8BE12B59}.Release|x86.Build.0 = Release|x86
		{534BD3D5-0448-47EF-83C7-6F1B8BE12B59}.Release|x86.Deploy.0 = Release|x86
	EndGlobalSection
	GlobalSection(SolutionProperties) = preSolution
		HideSolutionNode = FALSE
	EndGlobalSection
	GlobalSection(ExtensibilityGlobals) = postSolution
		SolutionGuid = {BD762397-D34A-4CCE-99ED-7E77F675B7DA}
	EndGlobalSection
EndGlobal
